// !$*UTF8*$!
{
	archiveVersion = 1;
	classes = {
	};
	objectVersion = 50;
	objects = {

/* Begin PBXBuildFile section */
		13ECDB742D657C092D309324BB69DB81 /* Assets.xcassets in Resources */ = {isa = PBXBuildFile; fileRef = 3895FA952734F76A62336D157A156D86 /* Assets.xcassets */; };
		5DBD5B821AF790D28EF887D9D5E1722A /* LaunchScreen.storyboard in Resources */ = {isa = PBXBuildFile; fileRef = 41977DBFFFEE8FF500D258C4877FD954 /* LaunchScreen.storyboard */; };
		6142AD9F0130F795A61EA2B0C2E31EA8 /* Preview Assets.xcassets in Resources */ = {isa = PBXBuildFile; fileRef = B597BEC0BE51DFB385077CFAB3A88143 /* Preview Assets.xcassets */; };
		68E78650C9522E55695F5BF96C11E039 /* SceneDelegate.swift in Sources */ = {isa = PBXBuildFile; fileRef = 7B0B25F6C97AB3E69A1F2E15CB3754B1 /* SceneDelegate.swift */; };
		693B3377676B6E086181DEC52C60D0C5 /* LocationTracker.xcdatamodeld in Sources */ = {isa = PBXBuildFile; fileRef = ECB20117E83620DA64C28E164B9A0F9F /* LocationTracker.xcdatamodeld */; };
		7A9DD389B027118DF3A01A253735566D /* LocationStorage.swift in Sources */ = {isa = PBXBuildFile; fileRef = 6BE7A09476E664BCBD4ED63466E25ABA /* LocationStorage.swift */; };
		B6D6F762F5602C2B09F0E77ED253741C /* ContentView.swift in Sources */ = {isa = PBXBuildFile; fileRef = 128474FD8AACD1FADAC2B973499D0BF9 /* ContentView.swift */; };
		D04E6C5606A1E7416F87552B4E48FB7F /* Location.swift in Sources */ = {isa = PBXBuildFile; fileRef = 84107816C8F80214379AC2106CFE9766 /* Location.swift */; };
		E1CAB79ABA2D494FA1A471B898F04D29 /* MapView.swift in Sources */ = {isa = PBXBuildFile; fileRef = 2BE4C7946318AFF0C0BE8308F2976211 /* MapView.swift */; };
		EFD310739E559109570C54D4924C8452 /* AppDelegate.swift in Sources */ = {isa = PBXBuildFile; fileRef = FFD5CA494EF3C3728D60128F1BE622FD /* AppDelegate.swift */; };
/* End PBXBuildFile section */

/* Begin PBXFileReference section */
		08408E853E6B8BEAA11B192695F25920 /* Base */ = {isa = PBXFileReference; lastKnownFileType = file.storyboard; name = Base; path = Base.lproj/LaunchScreen.storyboard; sourceTree = "<group>"; };
		0CBCF3BD616EA2BC5032A4AE1C161BC8 /* LocationTracker.app */ = {isa = PBXFileReference; explicitFileType = wrapper.application; includeInIndex = 0; path = LocationTracker.app; sourceTree = BUILT_PRODUCTS_DIR; };
		128474FD8AACD1FADAC2B973499D0BF9 /* ContentView.swift */ = {isa = PBXFileReference; lastKnownFileType = sourcecode.swift; path = ContentView.swift; sourceTree = "<group>"; };
		23DEC78879A37ED80AA3A9686BC3ADBB /* Info.plist */ = {isa = PBXFileReference; lastKnownFileType = text.plist.xml; path = Info.plist; sourceTree = "<group>"; };
		2BE4C7946318AFF0C0BE8308F2976211 /* MapView.swift */ = {isa = PBXFileReference; lastKnownFileType = sourcecode.swift; path = MapView.swift; sourceTree = "<group>"; };
		3895FA952734F76A62336D157A156D86 /* Assets.xcassets */ = {isa = PBXFileReference; lastKnownFileType = folder.assetcatalog; path = Assets.xcassets; sourceTree = "<group>"; };
		6BE7A09476E664BCBD4ED63466E25ABA /* LocationStorage.swift */ = {isa = PBXFileReference; lastKnownFileType = sourcecode.swift; path = LocationStorage.swift; sourceTree = "<group>"; };
		7B0B25F6C97AB3E69A1F2E15CB3754B1 /* SceneDelegate.swift */ = {isa = PBXFileReference; lastKnownFileType = sourcecode.swift; path = SceneDelegate.swift; sourceTree = "<group>"; };
		84107816C8F80214379AC2106CFE9766 /* Location.swift */ = {isa = PBXFileReference; lastKnownFileType = sourcecode.swift; path = Location.swift; sourceTree = "<group>"; };
		94B3C42C15B4BDF369A1FA60A9E6137D /* LocationTracker.xcdatamodel */ = {isa = PBXFileReference; lastKnownFileType = wrapper.xcdatamodel; path = LocationTracker.xcdatamodel; sourceTree = "<group>"; };
		B597BEC0BE51DFB385077CFAB3A88143 /* Preview Assets.xcassets */ = {isa = PBXFileReference; lastKnownFileType = folder.assetcatalog; path = "Preview Assets.xcassets"; sourceTree = "<group>"; };
		FFD5CA494EF3C3728D60128F1BE622FD /* AppDelegate.swift */ = {isa = PBXFileReference; lastKnownFileType = sourcecode.swift; path = AppDelegate.swift; sourceTree = "<group>"; };
/* End PBXFileReference section */

/* Begin PBXFrameworksBuildPhase section */
		232A9B686725BCB6B5F08D4C14DB83D3 /* Frameworks */ = {
			isa = PBXFrameworksBuildPhase;
			buildActionMask = 2147483647;
			files = (
			);
			runOnlyForDeploymentPostprocessing = 0;
		};
/* End PBXFrameworksBuildPhase section */

/* Begin PBXGroup section */
		5A40BE6B1EA156BE79C94D8319262B95 = {
			isa = PBXGroup;
			children = (
				D79A54D466A82EF2DB8C844F24BE7654 /* LocationTracker */,
				37B014A3C276E27E5073E4D2B46B3157 /* Products */,
			);
			sourceTree = "<group>";
		};
		37B014A3C276E27E5073E4D2B46B3157 /* Products */ = {
			isa = PBXGroup;
			children = (
				0CBCF3BD616EA2BC5032A4AE1C161BC8 /* LocationTracker.app */,
			);
			name = Products;
			sourceTree = "<group>";
		};
		D79A54D466A82EF2DB8C844F24BE7654 /* LocationTracker */ = {
			isa = PBXGroup;
			children = (
				2F5EB4B19A89E640CC79E0421A8CDE7C /* Preview Content */,
				FFD5CA494EF3C3728D60128F1BE622FD /* AppDelegate.swift */,
				3895FA952734F76A62336D157A156D86 /* Assets.xcassets */,
				128474FD8AACD1FADAC2B973499D0BF9 /* ContentView.swift */,
				23DEC78879A37ED80AA3A9686BC3ADBB /* Info.plist */,
				41977DBFFFEE8FF500D258C4877FD954 /* LaunchScreen.storyboard */,
				84107816C8F80214379AC2106CFE9766 /* Location.swift */,
				6BE7A09476E664BCBD4ED63466E25ABA /* LocationStorage.swift */,
				ECB20117E83620DA64C28E164B9A0F9F /* LocationTracker.xcdatamodeld */,
				2BE4C7946318AFF0C0BE8308F2976211 /* MapView.swift */,
				7B0B25F6C97AB3E69A1F2E15CB3754B1 /* SceneDelegate.swift */,
			);
			path = LocationTracker;
			sourceTree = "<group>";
		};
		2F5EB4B19A89E640CC79E0421A8CDE7C /* Preview Content */ = {
			isa = PBXGroup;
			children = (
				B597BEC0BE51DFB385077CFAB3A88143 /* Preview Assets.xcassets */,
			);
			path = "Preview Content";
			sourceTree = "<group>";
		};
/* End PBXGroup section */

/* Begin PBXNativeTarget section */
		E3FAD2F4AE7C47CF37E3FE4EC9F8DA21 /* LocationTracker */ = {
			isa = PBXNativeTarget;
			buildConfigurationList = E20B2A48ACB942FDC19EC226F93FAFAD /* Build configuration list for PBXNativeTarget "LocationTracker" */;
			buildPhases = (
				01C174257838122F1CF49A796E84AE94 /* Sources */,
				232A9B686725BCB6B5F08D4C14DB83D3 /* Frameworks */,
				5E740226BC9F26BF93407C880044F3D9 /* Resources */,
			);
			buildRules = (
			);
			dependencies = (
			);
			name = LocationTracker;
			productName = LocationTracker;
			productReference = 0CBCF3BD616EA2BC5032A4AE1C161BC8 /* LocationTracker.app */;
			productType = "com.apple.product-type.application";
		};
/* End PBXNativeTarget section */

/* Begin PBXProject section */
		FA6BCCCC3672B3B0EFF9040280FF2F82 /* Project object */ = {
			isa = PBXProject;
			attributes = {
				LastSwiftUpdateCheck = 1220;
				LastUpgradeCheck = 1220;
				TargetAttributes = {
					E3FAD2F4AE7C47CF37E3FE4EC9F8DA21 = {
						CreatedOnToolsVersion = 12.2;
					};
				};
			};
			buildConfigurationList = DD7C52ED802D951241FC0E8D5D6948EB /* Build configuration list for PBXProject "LocationTracker" */;
			compatibilityVersion = "Xcode 9.3";
			developmentRegion = en;
			hasScannedForEncodings = 0;
			knownRegions = (
				en,
				Base,
			);
			mainGroup = 5A40BE6B1EA156BE79C94D8319262B95;
			productRefGroup = 37B014A3C276E27E5073E4D2B46B3157 /* Products */;
			projectDirPath = "";
			projectRoot = "";
			targets = (
				E3FAD2F4AE7C47CF37E3FE4EC9F8DA21 /* LocationTracker */,
			);
		};
/* End PBXProject section */

/* Begin PBXResourcesBuildPhase section */
		5E740226BC9F26BF93407C880044F3D9 /* Resources */ = {
			isa = PBXResourcesBuildPhase;
			buildActionMask = 2147483647;
			files = (
				13ECDB742D657C092D309324BB69DB81 /* Assets.xcassets in Resources */,
				5DBD5B821AF790D28EF887D9D5E1722A /* LaunchScreen.storyboard in Resources */,
				6142AD9F0130F795A61EA2B0C2E31EA8 /* Preview Assets.xcassets in Resources */,
			);
			runOnlyForDeploymentPostprocessing = 0;
		};
/* End PBXResourcesBuildPhase section */

/* Begin PBXSourcesBuildPhase section */
		01C174257838122F1CF49A796E84AE94 /* Sources */ = {
			isa = PBXSourcesBuildPhase;
			buildActionMask = 2147483647;
			files = (
				EFD310739E559109570C54D4924C8452 /* AppDelegate.swift in Sources */,
				B6D6F762F5602C2B09F0E77ED253741C /* ContentView.swift in Sources */,
				D04E6C5606A1E7416F87552B4E48FB7F /* Location.swift in Sources */,
				7A9DD389B027118DF3A01A253735566D /* LocationStorage.swift in Sources */,
				693B3377676B6E086181DEC52C60D0C5 /* LocationTracker.xcdatamodeld in Sources */,
				E1CAB79ABA2D494FA1A471B898F04D29 /* MapView.swift in Sources */,
				68E78650C9522E55695F5BF96C11E039 /* SceneDelegate.swift in Sources */,
			);
			runOnlyForDeploymentPostprocessing = 0;
		};
/* End PBXSourcesBuildPhase section */

/* Begin PBXVariantGroup section */
		41977DBFFFEE8FF500D258C4877FD954 /* LaunchScreen.storyboard */ = {
			isa = PBXVariantGroup;
			children = (
				08408E853E6B8BEAA11B192695F25920 /* Base */,
			);
			name = LaunchScreen.storyboard;
			sourceTree = "<group>";
		};
/* End PBXVariantGroup section */

/* Begin XCBuildConfiguration section */
		E4336C1E66F0D33A8012FA96B0865013 /* Debug */ = {
			isa = XCBuildConfiguration;
			buildSettings = {
				ALWAYS_SEARCH_USER_PATHS = NO;
				CLANG_ANALYZER_NONNULL = YES;
				CLANG_ANALYZER_NUMBER_OBJECT_CONVERSION = YES_AGGRESSIVE;
				CLANG_CXX_LANGUAGE_STANDARD = "gnu++14";
				CLANG_CXX_LIBRARY = "libc++";
				CLANG_ENABLE_MODULES = YES;
				CLANG_ENABLE_OBJC_ARC = YES;
				CLANG_ENABLE_OBJC_WEAK = YES;
				CLANG_WARN_BLOCK_CAPTURE_AUTORELEASING = YES;
				CLANG_WARN_BOOL_CONVERSION = YES;
				CLANG_WARN_COMMA = YES;
				CLANG_WARN_CONSTANT_CONVERSION = YES;
				CLANG_WARN_DEPRECATED_OBJC_IMPLEMENTATIONS = YES;
				CLANG_WARN_DIRECT_OBJC_ISA_USAGE = YES_ERROR;
				CLANG_WARN_DOCUMENTATION_COMMENTS = YES;
				CLANG_WARN_EMPTY_BODY = YES;
				CLANG_WARN_ENUM_CONVERSION = YES;
				CLANG_WARN_INFINITE_RECURSION = YES;
				CLANG_WARN_INT_CONVERSION = YES;
				CLANG_WARN_NON_LITERAL_NULL_CONVERSION = YES;
				CLANG_WARN_OBJC_IMPLICIT_RETAIN_SELF = YES;
				CLANG_WARN_OBJC_LITERAL_CONVERSION = YES;
				CLANG_WARN_OBJC_ROOT_CLASS = YES_ERROR;
				CLANG_WARN_QUOTED_INCLUDE_IN_FRAMEWORK_HEADER = YES;
				CLANG_WARN_RANGE_LOOP_ANALYSIS = YES;
				CLANG_WARN_STRICT_PROTOTYPES = YES;
				CLANG_WARN_SUSPICIOUS_MOVE = YES;
				CLANG_WARN_UNGUARDED_AVAILABILITY = YES_AGGRESSIVE;
				CLANG_WARN_UNREACHABLE_CODE = YES;
				CLANG_WARN__DUPLICATE_METHOD_MATCH = YES;
				COPY_PHASE_STRIP = NO;
				DEBUG_INFORMATION_FORMAT = dwarf;
				ENABLE_STRICT_OBJC_MSGSEND = YES;
				ENABLE_TESTABILITY = YES;
				GCC_C_LANGUAGE_STANDARD = gnu11;
				GCC_DYNAMIC_NO_PIC = NO;
				GCC_NO_COMMON_BLOCKS = YES;
				GCC_OPTIMIZATION_LEVEL = 0;
				GCC_PREPROCESSOR_DEFINITIONS = (
					"DEBUG=1",
					"$(inherited)",
				);
				GCC_WARN_64_TO_32_BIT_CONVERSION = YES;
				GCC_WARN_ABOUT_RETURN_TYPE = YES_ERROR;
				GCC_WARN_UNDECLARED_SELECTOR = YES;
				GCC_WARN_UNINITIALIZED_AUTOS = YES_AGGRESSIVE;
				GCC_WARN_UNUSED_FUNCTION = YES;
				GCC_WARN_UNUSED_VARIABLE = YES;
				IPHONEOS_DEPLOYMENT_TARGET = 14.2;
				MTL_ENABLE_DEBUG_INFO = INCLUDE_SOURCE;
				MTL_FAST_MATH = YES;
				ONLY_ACTIVE_ARCH = YES;
				SDKROOT = iphoneos;
				SWIFT_ACTIVE_COMPILATION_CONDITIONS = DEBUG;
				SWIFT_OPTIMIZATION_LEVEL = "-Onone";
			};
			name = Debug;
		};
		FD5EE4C392FB0EA32673152A3913AEB8 /* Release */ = {
			isa = XCBuildConfiguration;
			buildSettings = {
				ALWAYS_SEARCH_USER_PATHS = NO;
				CLANG_ANALYZER_NONNULL = YES;
				CLANG_ANALYZER_NUMBER_OBJECT_CONVERSION = YES_AGGRESSIVE;
				CLANG_CXX_LANGUAGE_STANDARD = "gnu++14";
				CLANG_CXX_LIBRARY = "libc++";
				CLANG_ENABLE_MODULES = YES;
				CLANG_ENABLE_OBJC_ARC = YES;
				CLANG_ENABLE_OBJC_WEAK = YES;
				CLANG_WARN_BLOCK_CAPTURE_AUTORELEASING = YES;
				CLANG_WARN_BOOL_CONVERSION = YES;
				CLANG_WARN_COMMA = YES;
				CLANG_WARN_CONSTANT_CONVERSION = YES;
				CLANG_WARN_DEPRECATED_OBJC_IMPLEMENTATIONS = YES;
				CLANG_WARN_DIRECT_OBJC_ISA_USAGE = YES_ERROR;
				CLANG_WARN_DOCUMENTATION_COMMENTS = YES;
				CLANG_WARN_EMPTY_BODY = YES;
				CLANG_WARN_ENUM_CONVERSION = YES;
				CLANG_WARN_INFINITE_RECURSION = YES;
				CLANG_WARN_INT_CONVERSION = YES;
				CLANG_WARN_NON_LITERAL_NULL_CONVERSION = YES;
				CLANG_WARN_OBJC_IMPLICIT_RETAIN_SELF = YES;
				CLANG_WARN_OBJC_LITERAL_CONVERSION = YES;
				CLANG_WARN_OBJC_ROOT_CLASS = YES_ERROR;
				CLANG_WARN_QUOTED_INCLUDE_IN_FRAMEWORK_HEADER = YES;
				CLANG_WARN_RANGE_LOOP_ANALYSIS = YES;
				CLANG_WARN_STRICT_PROTOTYPES = YES;
				CLANG_WARN_SUSPICIOUS_MOVE = YES;
				CLANG_WARN_UNGUARDED_AVAILABILITY = YES_AGGRESSIVE;
				CLANG_WARN_UNREACHABLE_CODE = YES;
				CLANG_WARN__DUPLICATE_METHOD_MATCH = YES;
				COPY_PHASE_STRIP = NO;
				DEBUG_INFORMATION_FORMAT = "dwarf-with-dsym";
				ENABLE_NS_ASSERTIONS = NO;
				ENABLE_STRICT_OBJC_MSGSEND = YES;
				GCC_C_LANGUAGE_STANDARD = gnu11;
				GCC_NO_COMMON_BLOCKS = YES;
				GCC_WARN_64_TO_32_BIT_CONVERSION = YES;
				GCC_WARN_ABOUT_RETURN_TYPE = YES_ERROR;
				GCC_WARN_UNDECLARED_SELECTOR = YES;
				GCC_WARN_UNINITIALIZED_AUTOS = YES_AGGRESSIVE;
				GCC_WARN_UNUSED_FUNCTION = YES;
				GCC_WARN_UNUSED_VARIABLE = YES;
				IPHONEOS_DEPLOYMENT_TARGET = 14.2;
				MTL_ENABLE_DEBUG_INFO = NO;
				MTL_FAST_MATH = YES;
				SDKROOT = iphoneos;
				SWIFT_COMPILATION_MODE = wholemodule;
				SWIFT_OPTIMIZATION_LEVEL = "-O";
				VALIDATE_PRODUCT = YES;
			};
			name = Release;
		};
		F5398F601C1F8FB91A4289FAB6147C47 /* Debug */ = {
			isa = XCBuildConfiguration;
			buildSettings = {
				ASSETCATALOG_COMPILER_APPICON_NAME = AppIcon;
				ASSETCATALOG_COMPILER_GLOBAL_ACCENT_COLOR_NAME = AccentColor;
				CODE_SIGN_IDENTITY = "Apple Development";
				CODE_SIGN_STYLE = Automatic;
				DEVELOPMENT_ASSET_PATHS = "\"LocationTracker/Preview Content\"";
				DEVELOPMENT_TEAM = QQR7KQB65R;
				ENABLE_PREVIEWS = YES;
				INFOPLIST_FILE = LocationTracker/Info.plist;
				IPHONEOS_DEPLOYMENT_TARGET = 13.0;
				LD_RUNPATH_SEARCH_PATHS = (
					"$(inherited)",
					"@executable_path/Frameworks",
				);
				PRODUCT_BUNDLE_IDENTIFIER = com.shaun.LocationTracker;
				PRODUCT_NAME = "$(TARGET_NAME)";
				PROVISIONING_PROFILE_SPECIFIER = "";
				SWIFT_VERSION = 5.0;
				TARGETED_DEVICE_FAMILY = "1,2";
			};
			name = Debug;
		};
		4ED2B544D1D2D1E5C6B3DC2FA3463C04 /* Release */ = {
			isa = XCBuildConfiguration;
			buildSettings = {
				ASSETCATALOG_COMPILER_APPICON_NAME = AppIcon;
				ASSETCATALOG_COMPILER_GLOBAL_ACCENT_COLOR_NAME = AccentColor;
				CODE_SIGN_IDENTITY = "Apple Development";
				CODE_SIGN_STYLE = Automatic;
				DEVELOPMENT_ASSET_PATHS = "\"LocationTracker/Preview Content\"";
				DEVELOPMENT_TEAM = QQR7KQB65R;
				ENABLE_PREVIEWS = YES;
				INFOPLIST_FILE = LocationTracker/Info.plist;
				IPHONEOS_DEPLOYMENT_TARGET = 13.0;
				LD_RUNPATH_SEARCH_PATHS = (
					"$(inherited)",
					"@executable_path/Frameworks",
				);
				PRODUCT_BUNDLE_IDENTIFIER = com.shaun.LocationTracker;
				PRODUCT_NAME = "$(TARGET_NAME)";
				PROVISIONING_PROFILE_SPECIFIER = "";
				SWIFT_VERSION = 5.0;
				TARGETED_DEVICE_FAMILY = "1,2";
			};
			name = Release;
		};
/* End XCBuildConfiguration section */

/* Begin XCConfigurationList section */
		DD7C52ED802D951241FC0E8D5D6948EB /* Build configuration list for PBXProject "LocationTracker" */ = {
			isa = XCConfigurationList;
			buildConfigurations = (
				E4336C1E66F0D33A8012FA96B0865013 /* Debug */,
				FD5EE4C392FB0EA32673152A3913AEB8 /* Release */,
			);
			defaultConfigurationIsVisible = 0;
			defaultConfigurationName = Release;
		};
		E20B2A48ACB942FDC19EC226F93FAFAD /* Build configuration list for PBXNativeTarget "LocationTracker" */ = {
			isa = XCConfigurationList;
			buildConfigurations = (
				F5398F601C1F8FB91A4289FAB6147C47 /* Debug */,
				4ED2B544D1D2D1E5C6B3DC2FA3463C04 /* Release */,
			);
			defaultConfigurationIsVisible = 0;
			defaultConfigurationName = Release;
		};
/* End XCConfigurationList section */

/* Begin XCVersionGroup section */
		ECB20117E83620DA64C28E164B9A0F9F /* LocationTracker.xcdatamodeld */ = {
			isa = XCVersionGroup;
			children = (
				94B3C42C15B4BDF369A1FA60A9E6137D /* LocationTracker.xcdatamodel */,
			);
			currentVersion = 94B3C42C15B4BDF369A1FA60A9E6137D /* LocationTracker.xcdatamodel */;
			path = LocationTracker.xcdatamodeld;
			sourceTree = "<group>";
			versionGroupType = wrapper.xcdatamodel;
		};
/* End XCVersionGroup section */
	};
	rootObject = FA6BCCCC3672B3B0EFF9040280FF2F82 /* Project object */;
}
